
Microsoft Visual Studio Solution File, Format Version 12.00
# Visual Studio Version 16
VisualStudioVersion = 16.0.29418.71
MinimumVisualStudioVersion = 10.0.40219.1
Project("{9A19103F-16F7-4668-BE54-9A1E7A4F7556}") = "Cinema.Models", "Cinema.Models\Cinema.Models.csproj", "{C0B35783-C55D-4CBB-9818-0294B986BCD3}"
EndProject
Project("{9A19103F-16F7-4668-BE54-9A1E7A4F7556}") = "Cinema.Api", "Cinema.Api\Cinema.Api.csproj", "{266AB391-D62A-4DA3-BE77-28D714F1620E}"
EndProject
Global
	GlobalSection(SolutionConfigurationPlatforms) = preSolution
		Debug|Any CPU = Debug|Any CPU
		Release|Any CPU = Release|Any CPU
	EndGlobalSection
	GlobalSection(ProjectConfigurationPlatforms) = postSolution
		{C0B35783-C55D-4CBB-9818-0294B986BCD3}.Debug|Any CPU.ActiveCfg = Debug|Any CPU
		{C0B35783-C55D-4CBB-9818-0294B986BCD3}.Debug|Any CPU.Build.0 = Debug|Any CPU
		{C0B35783-C55D-4CBB-9818-0294B986BCD3}.Release|Any CPU.ActiveCfg = Release|Any CPU
		{C0B35783-C55D-4CBB-9818-0294B986BCD3}.Release|Any CPU.Build.0 = Release|Any CPU
		{266AB391-D62A-4DA3-BE77-28D714F1620E}.Debug|Any CPU.ActiveCfg = Debug|Any CPU
		{266AB391-D62A-4DA3-BE77-28D714F1620E}.Debug|Any CPU.Build.0 = Debug|Any CPU
		{266AB391-D62A-4DA3-BE77-28D714F1620E}.Release|Any CPU.ActiveCfg = Release|Any CPU
		{266AB391-D62A-4DA3-BE77-28D714F1620E}.Release|Any CPU.Build.0 = Release|Any CPU
	EndGlobalSection
	GlobalSection(SolutionProperties) = preSolution
		HideSolutionNode = FALSE
	EndGlobalSection
	GlobalSection(ExtensibilityGlobals) = postSolution
		SolutionGuid = {BDFEDA7B-964E-4E7A-885F-0EE65CF5B772}
	EndGlobalSection
EndGlobal
